{
  "name": "vue-webpack",
  "version": "1.0.0",
  "lockfileVersion": 1,
  "requires": true,
  "dependencies": {
    "vuetify": {
      "version": "1.0.19",
      "resolved": "https://registry.npmjs.org/vuetify/-/vuetify-1.0.19.tgz",
      "integrity": "sha512-aWiNSDr6KA5G9JKzneN0hV++Hva4+zwZFV3YAY4z8gmmcXvPOhEdV6Syy3yhoxk3j0K6H9qTYxvy2OgjnrMbqg==",
      "dev": true
    }
  }
}
